{
  "requires": true,
  "lockfileVersion": 1,
  "dependencies": {
    "beeftosino-palindrome": {
      "version": "0.1.0",
      "resolved": "https://registry.npmjs.org/beeftosino-palindrome/-/beeftosino-palindrome-0.1.0.tgz",
      "integrity": "sha512-9KQUkI9tYkhK35zON9srdSy76Mx0YTdrTzJEfrx6SbPaY1YcpUAV9uJssKXC291t22Krc3RO+J7cEw300H89Cw=="
    }
  }
}
