{
  "requires": true,
  "lockfileVersion": 1,
  "dependencies": {
    "beeftosino-palindrome": {
      "version": "0.1.1",
      "resolved": "https://registry.npmjs.org/beeftosino-palindrome/-/beeftosino-palindrome-0.1.1.tgz",
      "integrity": "sha512-56U2lzFJ/yE6H77y1UUYlDuvs9JJebOe0ylewHK0wFt0WqG+vUXXDtT+XZmaXlA4hCBZxCcvwqA+ueZMqxhLoA=="
    }
  }
}
